
Microsoft Visual Studio Solution File, Format Version 12.00
# Visual Studio 2013
VisualStudioVersion = 12.0.30723.0
MinimumVisualStudioVersion = 10.0.40219.1
Project("{FAE04EC0-301F-11D3-BF4B-00C04F79EFBC}") = "Caliburn.Core", "src\Caliburn.Core\Caliburn.Core.csproj", "{EEB221AC-3C5E-4D24-BFF0-F75CA41C3C1B}"
EndProject
Project("{2150E333-8FDC-42A3-9474-1A3956D46DE8}") = "Samples", "Samples", "{37BFCCA7-0B83-4B34-B4EA-896F6757F785}"
EndProject
Project("{FAE04EC0-301F-11D3-BF4B-00C04F79EFBC}") = "Demo.Validation", "samples\Demo.Validation\Demo.Validation.csproj", "{B8A3BEE1-22A5-41B0-8C9A-7EDFFA0C1DBC}"
EndProject
Project("{2150E333-8FDC-42A3-9474-1A3956D46DE8}") = ".nuget", ".nuget", "{AB5A63C0-08FA-497E-8A57-F4A574E3AFCC}"
	ProjectSection(SolutionItems) = preProject
		.nuget\packages.config = .nuget\packages.config
	EndProjectSection
EndProject
Project("{FAE04EC0-301F-11D3-BF4B-00C04F79EFBC}") = "Caliburn.Xaml.NET45", "src\Caliburn.Xaml.NET45\Caliburn.Xaml.NET45.csproj", "{F289FF4D-21E1-4E33-8E92-4677A17543D4}"
EndProject
Project("{FAE04EC0-301F-11D3-BF4B-00C04F79EFBC}") = "Caliburn.Xaml.WIN81", "src\Caliburn.Xaml.WIN81\Caliburn.Xaml.WIN81.csproj", "{C10464F7-3B8F-4ECD-B0B0-2B319E90B31B}"
EndProject
Project("{FAE04EC0-301F-11D3-BF4B-00C04F79EFBC}") = "Caliburn.Xaml.WP8", "src\Caliburn.Xaml.WP8\Caliburn.Xaml.WP8.csproj", "{751CEF13-946E-48A3-94F5-07B92FC4120E}"
EndProject
Project("{FAE04EC0-301F-11D3-BF4B-00C04F79EFBC}") = "Caliburn.Xaml.WPA81", "src\Caliburn.Xaml.WPA81\Caliburn.Xaml.WPA81.csproj", "{4D82BEB8-2800-4DD3-8EFD-EDC2CC6665CE}"
EndProject
Project("{FAE04EC0-301F-11D3-BF4B-00C04F79EFBC}") = "Demo.SimpleMDI", "samples\Demo.SimpleMDI\Demo.SimpleMDI.csproj", "{61F9A687-E395-4216-B50A-6F5068721390}"
EndProject
Project("{FAE04EC0-301F-11D3-BF4B-00C04F79EFBC}") = "Demo.WinFormsInterop", "samples\Demo.WinFormsInterop\Demo.WinFormsInterop.csproj", "{7517D9E9-7929-422A-9177-59FD86E1B00F}"
EndProject
Project("{FAE04EC0-301F-11D3-BF4B-00C04F79EFBC}") = "Demo.HelloWP8", "samples\Demo.HelloWP8\Demo.HelloWP8.csproj", "{3CCE968D-A7A0-4FFE-A278-115A719C0498}"
EndProject
Project("{FAE04EC0-301F-11D3-BF4B-00C04F79EFBC}") = "Demo.HelloEventAggregator", "samples\Demo.HelloEventAggregator\Demo.HelloEventAggregator.csproj", "{907F95A2-5978-41E3-9AD1-54D63B9BBC53}"
EndProject
Project("{D954291E-2A0B-460D-934E-DC6B0785DB48}") = "Caliburn.Xaml", "src\Caliburn.Xaml\Caliburn.Xaml.shproj", "{1123C3C4-3504-468B-BA87-322EFFAAA76E}"
EndProject
Project("{D954291E-2A0B-460D-934E-DC6B0785DB48}") = "Caliburn.Xaml.Universal", "src\Caliburn.Xaml.Universal\Caliburn.Xaml.Universal.shproj", "{3322D6EE-FD8D-4EEE-8ECC-0A481D7B6658}"
EndProject
Project("{2150E333-8FDC-42A3-9474-1A3956D46DE8}") = "Solution Items", "Solution Items", "{30343C48-7605-4A59-9908-0443DB6F87E0}"
	ProjectSection(SolutionItems) = preProject
		nuget\Caliburn.Light.nuspec = nuget\Caliburn.Light.nuspec
		src\GlobalAssemblyInfo.cs = src\GlobalAssemblyInfo.cs
		README.md = README.md
	EndProjectSection
EndProject
Project("{FAE04EC0-301F-11D3-BF4B-00C04F79EFBC}") = "Demo.HelloSpecialValues", "samples\Demo.HelloSpecialValues\Demo.HelloSpecialValues.csproj", "{6308C2A5-ECEA-42F4-8469-A59E195CC83A}"
EndProject
Global
	GlobalSection(SharedMSBuildProjectFiles) = preSolution
		src\Caliburn.Xaml.Universal\Caliburn.Xaml.Universal.projitems*{4d82beb8-2800-4dd3-8efd-edc2cc6665ce}*SharedItemsImports = 4
		src\Caliburn.Xaml\Caliburn.Xaml.projitems*{4d82beb8-2800-4dd3-8efd-edc2cc6665ce}*SharedItemsImports = 4
		src\Caliburn.Xaml\Caliburn.Xaml.projitems*{f289ff4d-21e1-4e33-8e92-4677a17543d4}*SharedItemsImports = 4
		src\Caliburn.Xaml.Universal\Caliburn.Xaml.Universal.projitems*{3322d6ee-fd8d-4eee-8ecc-0a481d7b6658}*SharedItemsImports = 13
		src\Caliburn.Xaml.Universal\Caliburn.Xaml.Universal.projitems*{c10464f7-3b8f-4ecd-b0b0-2b319e90b31b}*SharedItemsImports = 4
		src\Caliburn.Xaml\Caliburn.Xaml.projitems*{c10464f7-3b8f-4ecd-b0b0-2b319e90b31b}*SharedItemsImports = 4
		src\Caliburn.Xaml\Caliburn.Xaml.projitems*{751cef13-946e-48a3-94f5-07b92fc4120e}*SharedItemsImports = 4
		src\Caliburn.Xaml\Caliburn.Xaml.projitems*{1123c3c4-3504-468b-ba87-322effaaa76e}*SharedItemsImports = 13
	EndGlobalSection
	GlobalSection(SolutionConfigurationPlatforms) = preSolution
		Debug|Any CPU = Debug|Any CPU
		Debug|ARM = Debug|ARM
		Debug|x64 = Debug|x64
		Debug|x86 = Debug|x86
		Release|Any CPU = Release|Any CPU
		Release|ARM = Release|ARM
		Release|x64 = Release|x64
		Release|x86 = Release|x86
	EndGlobalSection
	GlobalSection(ProjectConfigurationPlatforms) = postSolution
		{EEB221AC-3C5E-4D24-BFF0-F75CA41C3C1B}.Debug|Any CPU.ActiveCfg = Debug|Any CPU
		{EEB221AC-3C5E-4D24-BFF0-F75CA41C3C1B}.Debug|Any CPU.Build.0 = Debug|Any CPU
		{EEB221AC-3C5E-4D24-BFF0-F75CA41C3C1B}.Debug|ARM.ActiveCfg = Debug|Any CPU
		{EEB221AC-3C5E-4D24-BFF0-F75CA41C3C1B}.Debug|x64.ActiveCfg = Debug|Any CPU
		{EEB221AC-3C5E-4D24-BFF0-F75CA41C3C1B}.Debug|x86.ActiveCfg = Debug|Any CPU
		{EEB221AC-3C5E-4D24-BFF0-F75CA41C3C1B}.Release|Any CPU.ActiveCfg = Release|Any CPU
		{EEB221AC-3C5E-4D24-BFF0-F75CA41C3C1B}.Release|Any CPU.Build.0 = Release|Any CPU
		{EEB221AC-3C5E-4D24-BFF0-F75CA41C3C1B}.Release|ARM.ActiveCfg = Release|Any CPU
		{EEB221AC-3C5E-4D24-BFF0-F75CA41C3C1B}.Release|x64.ActiveCfg = Release|Any CPU
		{EEB221AC-3C5E-4D24-BFF0-F75CA41C3C1B}.Release|x86.ActiveCfg = Release|Any CPU
		{B8A3BEE1-22A5-41B0-8C9A-7EDFFA0C1DBC}.Debug|Any CPU.ActiveCfg = Debug|Any CPU
		{B8A3BEE1-22A5-41B0-8C9A-7EDFFA0C1DBC}.Debug|Any CPU.Build.0 = Debug|Any CPU
		{B8A3BEE1-22A5-41B0-8C9A-7EDFFA0C1DBC}.Debug|ARM.ActiveCfg = Debug|Any CPU
		{B8A3BEE1-22A5-41B0-8C9A-7EDFFA0C1DBC}.Debug|x64.ActiveCfg = Debug|Any CPU
		{B8A3BEE1-22A5-41B0-8C9A-7EDFFA0C1DBC}.Debug|x86.ActiveCfg = Debug|Any CPU
		{B8A3BEE1-22A5-41B0-8C9A-7EDFFA0C1DBC}.Release|Any CPU.ActiveCfg = Release|Any CPU
		{B8A3BEE1-22A5-41B0-8C9A-7EDFFA0C1DBC}.Release|Any CPU.Build.0 = Release|Any CPU
		{B8A3BEE1-22A5-41B0-8C9A-7EDFFA0C1DBC}.Release|ARM.ActiveCfg = Release|Any CPU
		{B8A3BEE1-22A5-41B0-8C9A-7EDFFA0C1DBC}.Release|x64.ActiveCfg = Release|Any CPU
		{B8A3BEE1-22A5-41B0-8C9A-7EDFFA0C1DBC}.Release|x86.ActiveCfg = Release|Any CPU
		{F289FF4D-21E1-4E33-8E92-4677A17543D4}.Debug|Any CPU.ActiveCfg = Debug|Any CPU
		{F289FF4D-21E1-4E33-8E92-4677A17543D4}.Debug|Any CPU.Build.0 = Debug|Any CPU
		{F289FF4D-21E1-4E33-8E92-4677A17543D4}.Debug|ARM.ActiveCfg = Debug|Any CPU
		{F289FF4D-21E1-4E33-8E92-4677A17543D4}.Debug|x64.ActiveCfg = Debug|Any CPU
		{F289FF4D-21E1-4E33-8E92-4677A17543D4}.Debug|x86.ActiveCfg = Debug|Any CPU
		{F289FF4D-21E1-4E33-8E92-4677A17543D4}.Release|Any CPU.ActiveCfg = Release|Any CPU
		{F289FF4D-21E1-4E33-8E92-4677A17543D4}.Release|Any CPU.Build.0 = Release|Any CPU
		{F289FF4D-21E1-4E33-8E92-4677A17543D4}.Release|ARM.ActiveCfg = Release|Any CPU
		{F289FF4D-21E1-4E33-8E92-4677A17543D4}.Release|x64.ActiveCfg = Release|Any CPU
		{F289FF4D-21E1-4E33-8E92-4677A17543D4}.Release|x86.ActiveCfg = Release|Any CPU
		{C10464F7-3B8F-4ECD-B0B0-2B319E90B31B}.Debug|Any CPU.ActiveCfg = Debug|Any CPU
		{C10464F7-3B8F-4ECD-B0B0-2B319E90B31B}.Debug|Any CPU.Build.0 = Debug|Any CPU
		{C10464F7-3B8F-4ECD-B0B0-2B319E90B31B}.Debug|ARM.ActiveCfg = Debug|Any CPU
		{C10464F7-3B8F-4ECD-B0B0-2B319E90B31B}.Debug|x64.ActiveCfg = Debug|Any CPU
		{C10464F7-3B8F-4ECD-B0B0-2B319E90B31B}.Debug|x86.ActiveCfg = Debug|Any CPU
		{C10464F7-3B8F-4ECD-B0B0-2B319E90B31B}.Release|Any CPU.ActiveCfg = Release|Any CPU
		{C10464F7-3B8F-4ECD-B0B0-2B319E90B31B}.Release|Any CPU.Build.0 = Release|Any CPU
		{C10464F7-3B8F-4ECD-B0B0-2B319E90B31B}.Release|ARM.ActiveCfg = Release|Any CPU
		{C10464F7-3B8F-4ECD-B0B0-2B319E90B31B}.Release|x64.ActiveCfg = Release|Any CPU
		{C10464F7-3B8F-4ECD-B0B0-2B319E90B31B}.Release|x86.ActiveCfg = Release|Any CPU
		{751CEF13-946E-48A3-94F5-07B92FC4120E}.Debug|Any CPU.ActiveCfg = Debug|Any CPU
		{751CEF13-946E-48A3-94F5-07B92FC4120E}.Debug|Any CPU.Build.0 = Debug|Any CPU
		{751CEF13-946E-48A3-94F5-07B92FC4120E}.Debug|ARM.ActiveCfg = Debug|ARM
		{751CEF13-946E-48A3-94F5-07B92FC4120E}.Debug|ARM.Build.0 = Debug|ARM
		{751CEF13-946E-48A3-94F5-07B92FC4120E}.Debug|x64.ActiveCfg = Debug|Any CPU
		{751CEF13-946E-48A3-94F5-07B92FC4120E}.Debug|x86.ActiveCfg = Debug|x86
		{751CEF13-946E-48A3-94F5-07B92FC4120E}.Debug|x86.Build.0 = Debug|x86
		{751CEF13-946E-48A3-94F5-07B92FC4120E}.Release|Any CPU.ActiveCfg = Release|Any CPU
		{751CEF13-946E-48A3-94F5-07B92FC4120E}.Release|Any CPU.Build.0 = Release|Any CPU
		{751CEF13-946E-48A3-94F5-07B92FC4120E}.Release|ARM.ActiveCfg = Release|ARM
		{751CEF13-946E-48A3-94F5-07B92FC4120E}.Release|ARM.Build.0 = Release|ARM
		{751CEF13-946E-48A3-94F5-07B92FC4120E}.Release|x64.ActiveCfg = Release|Any CPU
		{751CEF13-946E-48A3-94F5-07B92FC4120E}.Release|x86.ActiveCfg = Release|x86
		{751CEF13-946E-48A3-94F5-07B92FC4120E}.Release|x86.Build.0 = Release|x86
		{4D82BEB8-2800-4DD3-8EFD-EDC2CC6665CE}.Debug|Any CPU.ActiveCfg = Debug|Any CPU
		{4D82BEB8-2800-4DD3-8EFD-EDC2CC6665CE}.Debug|Any CPU.Build.0 = Debug|Any CPU
		{4D82BEB8-2800-4DD3-8EFD-EDC2CC6665CE}.Debug|ARM.ActiveCfg = Debug|Any CPU
		{4D82BEB8-2800-4DD3-8EFD-EDC2CC6665CE}.Debug|x64.ActiveCfg = Debug|Any CPU
		{4D82BEB8-2800-4DD3-8EFD-EDC2CC6665CE}.Debug|x86.ActiveCfg = Debug|Any CPU
		{4D82BEB8-2800-4DD3-8EFD-EDC2CC6665CE}.Release|Any CPU.ActiveCfg = Release|Any CPU
		{4D82BEB8-2800-4DD3-8EFD-EDC2CC6665CE}.Release|Any CPU.Build.0 = Release|Any CPU
		{4D82BEB8-2800-4DD3-8EFD-EDC2CC6665CE}.Release|ARM.ActiveCfg = Release|Any CPU
		{4D82BEB8-2800-4DD3-8EFD-EDC2CC6665CE}.Release|x64.ActiveCfg = Release|Any CPU
		{4D82BEB8-2800-4DD3-8EFD-EDC2CC6665CE}.Release|x86.ActiveCfg = Release|Any CPU
		{61F9A687-E395-4216-B50A-6F5068721390}.Debug|Any CPU.ActiveCfg = Debug|Any CPU
		{61F9A687-E395-4216-B50A-6F5068721390}.Debug|Any CPU.Build.0 = Debug|Any CPU
		{61F9A687-E395-4216-B50A-6F5068721390}.Debug|ARM.ActiveCfg = Debug|Any CPU
		{61F9A687-E395-4216-B50A-6F5068721390}.Debug|x64.ActiveCfg = Debug|Any CPU
		{61F9A687-E395-4216-B50A-6F5068721390}.Debug|x86.ActiveCfg = Debug|Any CPU
		{61F9A687-E395-4216-B50A-6F5068721390}.Release|Any CPU.ActiveCfg = Release|Any CPU
		{61F9A687-E395-4216-B50A-6F5068721390}.Release|Any CPU.Build.0 = Release|Any CPU
		{61F9A687-E395-4216-B50A-6F5068721390}.Release|ARM.ActiveCfg = Release|Any CPU
		{61F9A687-E395-4216-B50A-6F5068721390}.Release|x64.ActiveCfg = Release|Any CPU
		{61F9A687-E395-4216-B50A-6F5068721390}.Release|x86.ActiveCfg = Release|Any CPU
		{7517D9E9-7929-422A-9177-59FD86E1B00F}.Debug|Any CPU.ActiveCfg = Debug|Any CPU
		{7517D9E9-7929-422A-9177-59FD86E1B00F}.Debug|Any CPU.Build.0 = Debug|Any CPU
		{7517D9E9-7929-422A-9177-59FD86E1B00F}.Debug|ARM.ActiveCfg = Debug|Any CPU
		{7517D9E9-7929-422A-9177-59FD86E1B00F}.Debug|x64.ActiveCfg = Debug|Any CPU
		{7517D9E9-7929-422A-9177-59FD86E1B00F}.Debug|x86.ActiveCfg = Debug|Any CPU
		{7517D9E9-7929-422A-9177-59FD86E1B00F}.Release|Any CPU.ActiveCfg = Release|Any CPU
		{7517D9E9-7929-422A-9177-59FD86E1B00F}.Release|Any CPU.Build.0 = Release|Any CPU
		{7517D9E9-7929-422A-9177-59FD86E1B00F}.Release|ARM.ActiveCfg = Release|Any CPU
		{7517D9E9-7929-422A-9177-59FD86E1B00F}.Release|x64.ActiveCfg = Release|Any CPU
		{7517D9E9-7929-422A-9177-59FD86E1B00F}.Release|x86.ActiveCfg = Release|Any CPU
		{3CCE968D-A7A0-4FFE-A278-115A719C0498}.Debug|Any CPU.ActiveCfg = Debug|Any CPU
		{3CCE968D-A7A0-4FFE-A278-115A719C0498}.Debug|Any CPU.Build.0 = Debug|Any CPU
		{3CCE968D-A7A0-4FFE-A278-115A719C0498}.Debug|Any CPU.Deploy.0 = Debug|Any CPU
		{3CCE968D-A7A0-4FFE-A278-115A719C0498}.Debug|ARM.ActiveCfg = Debug|ARM
		{3CCE968D-A7A0-4FFE-A278-115A719C0498}.Debug|ARM.Build.0 = Debug|ARM
		{3CCE968D-A7A0-4FFE-A278-115A719C0498}.Debug|ARM.Deploy.0 = Debug|ARM
		{3CCE968D-A7A0-4FFE-A278-115A719C0498}.Debug|x64.ActiveCfg = Debug|Any CPU
		{3CCE968D-A7A0-4FFE-A278-115A719C0498}.Debug|x86.ActiveCfg = Debug|x86
		{3CCE968D-A7A0-4FFE-A278-115A719C0498}.Debug|x86.Build.0 = Debug|x86
		{3CCE968D-A7A0-4FFE-A278-115A719C0498}.Debug|x86.Deploy.0 = Debug|x86
		{3CCE968D-A7A0-4FFE-A278-115A719C0498}.Release|Any CPU.ActiveCfg = Release|Any CPU
		{3CCE968D-A7A0-4FFE-A278-115A719C0498}.Release|Any CPU.Build.0 = Release|Any CPU
		{3CCE968D-A7A0-4FFE-A278-115A719C0498}.Release|Any CPU.Deploy.0 = Release|Any CPU
		{3CCE968D-A7A0-4FFE-A278-115A719C0498}.Release|ARM.ActiveCfg = Release|ARM
		{3CCE968D-A7A0-4FFE-A278-115A719C0498}.Release|ARM.Build.0 = Release|ARM
		{3CCE968D-A7A0-4FFE-A278-115A719C0498}.Release|ARM.Deploy.0 = Release|ARM
		{3CCE968D-A7A0-4FFE-A278-115A719C0498}.Release|x64.ActiveCfg = Release|Any CPU
		{3CCE968D-A7A0-4FFE-A278-115A719C0498}.Release|x86.ActiveCfg = Release|x86
		{3CCE968D-A7A0-4FFE-A278-115A719C0498}.Release|x86.Build.0 = Release|x86
		{3CCE968D-A7A0-4FFE-A278-115A719C0498}.Release|x86.Deploy.0 = Release|x86
		{907F95A2-5978-41E3-9AD1-54D63B9BBC53}.Debug|Any CPU.ActiveCfg = Debug|Any CPU
		{907F95A2-5978-41E3-9AD1-54D63B9BBC53}.Debug|Any CPU.Build.0 = Debug|Any CPU
		{907F95A2-5978-41E3-9AD1-54D63B9BBC53}.Debug|Any CPU.Deploy.0 = Debug|Any CPU
		{907F95A2-5978-41E3-9AD1-54D63B9BBC53}.Debug|ARM.ActiveCfg = Debug|ARM
		{907F95A2-5978-41E3-9AD1-54D63B9BBC53}.Debug|ARM.Build.0 = Debug|ARM
		{907F95A2-5978-41E3-9AD1-54D63B9BBC53}.Debug|ARM.Deploy.0 = Debug|ARM
		{907F95A2-5978-41E3-9AD1-54D63B9BBC53}.Debug|x64.ActiveCfg = Debug|x64
		{907F95A2-5978-41E3-9AD1-54D63B9BBC53}.Debug|x64.Build.0 = Debug|x64
		{907F95A2-5978-41E3-9AD1-54D63B9BBC53}.Debug|x64.Deploy.0 = Debug|x64
		{907F95A2-5978-41E3-9AD1-54D63B9BBC53}.Debug|x86.ActiveCfg = Debug|x86
		{907F95A2-5978-41E3-9AD1-54D63B9BBC53}.Debug|x86.Build.0 = Debug|x86
		{907F95A2-5978-41E3-9AD1-54D63B9BBC53}.Debug|x86.Deploy.0 = Debug|x86
		{907F95A2-5978-41E3-9AD1-54D63B9BBC53}.Release|Any CPU.ActiveCfg = Release|Any CPU
		{907F95A2-5978-41E3-9AD1-54D63B9BBC53}.Release|Any CPU.Build.0 = Release|Any CPU
		{907F95A2-5978-41E3-9AD1-54D63B9BBC53}.Release|Any CPU.Deploy.0 = Release|Any CPU
		{907F95A2-5978-41E3-9AD1-54D63B9BBC53}.Release|ARM.ActiveCfg = Release|ARM
		{907F95A2-5978-41E3-9AD1-54D63B9BBC53}.Release|ARM.Build.0 = Release|ARM
		{907F95A2-5978-41E3-9AD1-54D63B9BBC53}.Release|ARM.Deploy.0 = Release|ARM
		{907F95A2-5978-41E3-9AD1-54D63B9BBC53}.Release|x64.ActiveCfg = Release|x64
		{907F95A2-5978-41E3-9AD1-54D63B9BBC53}.Release|x64.Build.0 = Release|x64
		{907F95A2-5978-41E3-9AD1-54D63B9BBC53}.Release|x64.Deploy.0 = Release|x64
		{907F95A2-5978-41E3-9AD1-54D63B9BBC53}.Release|x86.ActiveCfg = Release|x86
		{907F95A2-5978-41E3-9AD1-54D63B9BBC53}.Release|x86.Build.0 = Release|x86
		{907F95A2-5978-41E3-9AD1-54D63B9BBC53}.Release|x86.Deploy.0 = Release|x86
		{6308C2A5-ECEA-42F4-8469-A59E195CC83A}.Debug|Any CPU.ActiveCfg = Debug|Any CPU
		{6308C2A5-ECEA-42F4-8469-A59E195CC83A}.Debug|Any CPU.Build.0 = Debug|Any CPU
		{6308C2A5-ECEA-42F4-8469-A59E195CC83A}.Debug|Any CPU.Deploy.0 = Debug|Any CPU
		{6308C2A5-ECEA-42F4-8469-A59E195CC83A}.Debug|ARM.ActiveCfg = Debug|ARM
		{6308C2A5-ECEA-42F4-8469-A59E195CC83A}.Debug|ARM.Build.0 = Debug|ARM
		{6308C2A5-ECEA-42F4-8469-A59E195CC83A}.Debug|ARM.Deploy.0 = Debug|ARM
		{6308C2A5-ECEA-42F4-8469-A59E195CC83A}.Debug|x64.ActiveCfg = Debug|Any CPU
		{6308C2A5-ECEA-42F4-8469-A59E195CC83A}.Debug|x86.ActiveCfg = Debug|x86
		{6308C2A5-ECEA-42F4-8469-A59E195CC83A}.Debug|x86.Build.0 = Debug|x86
		{6308C2A5-ECEA-42F4-8469-A59E195CC83A}.Debug|x86.Deploy.0 = Debug|x86
		{6308C2A5-ECEA-42F4-8469-A59E195CC83A}.Release|Any CPU.ActiveCfg = Release|Any CPU
		{6308C2A5-ECEA-42F4-8469-A59E195CC83A}.Release|Any CPU.Build.0 = Release|Any CPU
		{6308C2A5-ECEA-42F4-8469-A59E195CC83A}.Release|Any CPU.Deploy.0 = Release|Any CPU
		{6308C2A5-ECEA-42F4-8469-A59E195CC83A}.Release|ARM.ActiveCfg = Release|ARM
		{6308C2A5-ECEA-42F4-8469-A59E195CC83A}.Release|ARM.Build.0 = Release|ARM
		{6308C2A5-ECEA-42F4-8469-A59E195CC83A}.Release|ARM.Deploy.0 = Release|ARM
		{6308C2A5-ECEA-42F4-8469-A59E195CC83A}.Release|x64.ActiveCfg = Release|Any CPU
		{6308C2A5-ECEA-42F4-8469-A59E195CC83A}.Release|x86.ActiveCfg = Release|x86
		{6308C2A5-ECEA-42F4-8469-A59E195CC83A}.Release|x86.Build.0 = Release|x86
		{6308C2A5-ECEA-42F4-8469-A59E195CC83A}.Release|x86.Deploy.0 = Release|x86
	EndGlobalSection
	GlobalSection(SolutionProperties) = preSolution
		HideSolutionNode = FALSE
	EndGlobalSection
	GlobalSection(NestedProjects) = preSolution
		{B8A3BEE1-22A5-41B0-8C9A-7EDFFA0C1DBC} = {37BFCCA7-0B83-4B34-B4EA-896F6757F785}
		{61F9A687-E395-4216-B50A-6F5068721390} = {37BFCCA7-0B83-4B34-B4EA-896F6757F785}
		{7517D9E9-7929-422A-9177-59FD86E1B00F} = {37BFCCA7-0B83-4B34-B4EA-896F6757F785}
		{3CCE968D-A7A0-4FFE-A278-115A719C0498} = {37BFCCA7-0B83-4B34-B4EA-896F6757F785}
		{907F95A2-5978-41E3-9AD1-54D63B9BBC53} = {37BFCCA7-0B83-4B34-B4EA-896F6757F785}
		{6308C2A5-ECEA-42F4-8469-A59E195CC83A} = {37BFCCA7-0B83-4B34-B4EA-896F6757F785}
	EndGlobalSection
EndGlobal
