
Microsoft Visual Studio Solution File, Format Version 12.00
# Visual Studio Version 16
VisualStudioVersion = 16.0.29411.108
MinimumVisualStudioVersion = 10.0.40219.1
Project("{9A19103F-16F7-4668-BE54-9A1E7A4F7556}") = "Caliburn.Light.Core", "src\Caliburn.Light.Core\Caliburn.Light.Core.csproj", "{EEB221AC-3C5E-4D24-BFF0-F75CA41C3C1B}"
EndProject
Project("{2150E333-8FDC-42A3-9474-1A3956D46DE8}") = "Samples", "Samples", "{37BFCCA7-0B83-4B34-B4EA-896F6757F785}"
EndProject
Project("{FAE04EC0-301F-11D3-BF4B-00C04F79EFBC}") = "Demo.Validation", "samples\Demo.Validation\Demo.Validation.csproj", "{B8A3BEE1-22A5-41B0-8C9A-7EDFFA0C1DBC}"
EndProject
Project("{FAE04EC0-301F-11D3-BF4B-00C04F79EFBC}") = "Caliburn.Light.WPF", "src\Caliburn.Light.WPF\Caliburn.Light.WPF.csproj", "{F289FF4D-21E1-4E33-8E92-4677A17543D4}"
EndProject
Project("{FAE04EC0-301F-11D3-BF4B-00C04F79EFBC}") = "Demo.SimpleMDI", "samples\Demo.SimpleMDI\Demo.SimpleMDI.csproj", "{61F9A687-E395-4216-B50A-6F5068721390}"
EndProject
Project("{FAE04EC0-301F-11D3-BF4B-00C04F79EFBC}") = "Demo.WinFormsInterop", "samples\Demo.WinFormsInterop\Demo.WinFormsInterop.csproj", "{7517D9E9-7929-422A-9177-59FD86E1B00F}"
EndProject
Project("{D954291E-2A0B-460D-934E-DC6B0785DB48}") = "Caliburn.Light.Shared", "src\Caliburn.Light.Shared\Caliburn.Light.Shared.shproj", "{1123C3C4-3504-468B-BA87-322EFFAAA76E}"
EndProject
Project("{2150E333-8FDC-42A3-9474-1A3956D46DE8}") = "Solution Items", "Solution Items", "{30343C48-7605-4A59-9908-0443DB6F87E0}"
	ProjectSection(SolutionItems) = preProject
		nuget\Caliburn.Light.nuspec = nuget\Caliburn.Light.nuspec
		src\GlobalAssemblyInfo.cs = src\GlobalAssemblyInfo.cs
		README.md = README.md
	EndProjectSection
EndProject
Project("{FAE04EC0-301F-11D3-BF4B-00C04F79EFBC}") = "Demo.ExceptionHandling", "samples\Demo.ExceptionHandling\Demo.ExceptionHandling.csproj", "{150CF2E8-3F18-4553-A0D5-A974CB58F570}"
EndProject
Project("{FAE04EC0-301F-11D3-BF4B-00C04F79EFBC}") = "Caliburn.Light.UAP", "src\Caliburn.Light.UAP\Caliburn.Light.UAP.csproj", "{83CB8852-880D-4334-845A-6CFCBCE86071}"
EndProject
Project("{FAE04EC0-301F-11D3-BF4B-00C04F79EFBC}") = "Demo.HelloEventAggregator", "samples\Demo.HelloEventAggregator\Demo.HelloEventAggregator.csproj", "{79C7D215-C5CB-45F6-B100-770D26A8CCC5}"
EndProject
Project("{FAE04EC0-301F-11D3-BF4B-00C04F79EFBC}") = "Demo.HelloSpecialValues", "samples\Demo.HelloSpecialValues\Demo.HelloSpecialValues.csproj", "{3C72AAF5-9E31-409E-BCE7-C8EB45240B50}"
EndProject
Project("{FAE04EC0-301F-11D3-BF4B-00C04F79EFBC}") = "Demo.WpfDesignTime", "samples\Demo.WpfDesignTime\Demo.WpfDesignTime.csproj", "{474AC080-D5D8-4548-AAE6-D649EC0EA49E}"
EndProject
Global
	GlobalSection(SharedMSBuildProjectFiles) = preSolution
		src\Caliburn.Light.Shared\Caliburn.Light.Shared.projitems*{1123c3c4-3504-468b-ba87-322effaaa76e}*SharedItemsImports = 13
		src\Caliburn.Light.Shared\Caliburn.Light.Shared.projitems*{83cb8852-880d-4334-845a-6cfcbce86071}*SharedItemsImports = 4
		src\Caliburn.Light.Shared\Caliburn.Light.Shared.projitems*{f289ff4d-21e1-4e33-8e92-4677a17543d4}*SharedItemsImports = 4
	EndGlobalSection
	GlobalSection(SolutionConfigurationPlatforms) = preSolution
		Debug|Any CPU = Debug|Any CPU
		Debug|ARM = Debug|ARM
		Debug|x64 = Debug|x64
		Debug|x86 = Debug|x86
		Release|Any CPU = Release|Any CPU
		Release|ARM = Release|ARM
		Release|x64 = Release|x64
		Release|x86 = Release|x86
	EndGlobalSection
	GlobalSection(ProjectConfigurationPlatforms) = postSolution
		{EEB221AC-3C5E-4D24-BFF0-F75CA41C3C1B}.Debug|Any CPU.ActiveCfg = Debug|Any CPU
		{EEB221AC-3C5E-4D24-BFF0-F75CA41C3C1B}.Debug|Any CPU.Build.0 = Debug|Any CPU
		{EEB221AC-3C5E-4D24-BFF0-F75CA41C3C1B}.Debug|ARM.ActiveCfg = Debug|Any CPU
		{EEB221AC-3C5E-4D24-BFF0-F75CA41C3C1B}.Debug|ARM.Build.0 = Debug|Any CPU
		{EEB221AC-3C5E-4D24-BFF0-F75CA41C3C1B}.Debug|x64.ActiveCfg = Debug|Any CPU
		{EEB221AC-3C5E-4D24-BFF0-F75CA41C3C1B}.Debug|x64.Build.0 = Debug|Any CPU
		{EEB221AC-3C5E-4D24-BFF0-F75CA41C3C1B}.Debug|x86.ActiveCfg = Debug|Any CPU
		{EEB221AC-3C5E-4D24-BFF0-F75CA41C3C1B}.Debug|x86.Build.0 = Debug|Any CPU
		{EEB221AC-3C5E-4D24-BFF0-F75CA41C3C1B}.Release|Any CPU.ActiveCfg = Release|Any CPU
		{EEB221AC-3C5E-4D24-BFF0-F75CA41C3C1B}.Release|Any CPU.Build.0 = Release|Any CPU
		{EEB221AC-3C5E-4D24-BFF0-F75CA41C3C1B}.Release|ARM.ActiveCfg = Release|Any CPU
		{EEB221AC-3C5E-4D24-BFF0-F75CA41C3C1B}.Release|ARM.Build.0 = Release|Any CPU
		{EEB221AC-3C5E-4D24-BFF0-F75CA41C3C1B}.Release|x64.ActiveCfg = Release|Any CPU
		{EEB221AC-3C5E-4D24-BFF0-F75CA41C3C1B}.Release|x64.Build.0 = Release|Any CPU
		{EEB221AC-3C5E-4D24-BFF0-F75CA41C3C1B}.Release|x86.ActiveCfg = Release|Any CPU
		{EEB221AC-3C5E-4D24-BFF0-F75CA41C3C1B}.Release|x86.Build.0 = Release|Any CPU
		{B8A3BEE1-22A5-41B0-8C9A-7EDFFA0C1DBC}.Debug|Any CPU.ActiveCfg = Debug|Any CPU
		{B8A3BEE1-22A5-41B0-8C9A-7EDFFA0C1DBC}.Debug|Any CPU.Build.0 = Debug|Any CPU
		{B8A3BEE1-22A5-41B0-8C9A-7EDFFA0C1DBC}.Debug|ARM.ActiveCfg = Debug|Any CPU
		{B8A3BEE1-22A5-41B0-8C9A-7EDFFA0C1DBC}.Debug|x64.ActiveCfg = Debug|Any CPU
		{B8A3BEE1-22A5-41B0-8C9A-7EDFFA0C1DBC}.Debug|x86.ActiveCfg = Debug|Any CPU
		{B8A3BEE1-22A5-41B0-8C9A-7EDFFA0C1DBC}.Release|Any CPU.ActiveCfg = Release|Any CPU
		{B8A3BEE1-22A5-41B0-8C9A-7EDFFA0C1DBC}.Release|Any CPU.Build.0 = Release|Any CPU
		{B8A3BEE1-22A5-41B0-8C9A-7EDFFA0C1DBC}.Release|ARM.ActiveCfg = Release|Any CPU
		{B8A3BEE1-22A5-41B0-8C9A-7EDFFA0C1DBC}.Release|x64.ActiveCfg = Release|Any CPU
		{B8A3BEE1-22A5-41B0-8C9A-7EDFFA0C1DBC}.Release|x86.ActiveCfg = Release|Any CPU
		{F289FF4D-21E1-4E33-8E92-4677A17543D4}.Debug|Any CPU.ActiveCfg = Debug|Any CPU
		{F289FF4D-21E1-4E33-8E92-4677A17543D4}.Debug|Any CPU.Build.0 = Debug|Any CPU
		{F289FF4D-21E1-4E33-8E92-4677A17543D4}.Debug|ARM.ActiveCfg = Debug|Any CPU
		{F289FF4D-21E1-4E33-8E92-4677A17543D4}.Debug|x64.ActiveCfg = Debug|Any CPU
		{F289FF4D-21E1-4E33-8E92-4677A17543D4}.Debug|x86.ActiveCfg = Debug|Any CPU
		{F289FF4D-21E1-4E33-8E92-4677A17543D4}.Release|Any CPU.ActiveCfg = Release|Any CPU
		{F289FF4D-21E1-4E33-8E92-4677A17543D4}.Release|Any CPU.Build.0 = Release|Any CPU
		{F289FF4D-21E1-4E33-8E92-4677A17543D4}.Release|ARM.ActiveCfg = Release|Any CPU
		{F289FF4D-21E1-4E33-8E92-4677A17543D4}.Release|x64.ActiveCfg = Release|Any CPU
		{F289FF4D-21E1-4E33-8E92-4677A17543D4}.Release|x86.ActiveCfg = Release|Any CPU
		{61F9A687-E395-4216-B50A-6F5068721390}.Debug|Any CPU.ActiveCfg = Debug|Any CPU
		{61F9A687-E395-4216-B50A-6F5068721390}.Debug|Any CPU.Build.0 = Debug|Any CPU
		{61F9A687-E395-4216-B50A-6F5068721390}.Debug|ARM.ActiveCfg = Debug|Any CPU
		{61F9A687-E395-4216-B50A-6F5068721390}.Debug|x64.ActiveCfg = Debug|Any CPU
		{61F9A687-E395-4216-B50A-6F5068721390}.Debug|x86.ActiveCfg = Debug|Any CPU
		{61F9A687-E395-4216-B50A-6F5068721390}.Release|Any CPU.ActiveCfg = Release|Any CPU
		{61F9A687-E395-4216-B50A-6F5068721390}.Release|Any CPU.Build.0 = Release|Any CPU
		{61F9A687-E395-4216-B50A-6F5068721390}.Release|ARM.ActiveCfg = Release|Any CPU
		{61F9A687-E395-4216-B50A-6F5068721390}.Release|x64.ActiveCfg = Release|Any CPU
		{61F9A687-E395-4216-B50A-6F5068721390}.Release|x86.ActiveCfg = Release|Any CPU
		{7517D9E9-7929-422A-9177-59FD86E1B00F}.Debug|Any CPU.ActiveCfg = Debug|Any CPU
		{7517D9E9-7929-422A-9177-59FD86E1B00F}.Debug|Any CPU.Build.0 = Debug|Any CPU
		{7517D9E9-7929-422A-9177-59FD86E1B00F}.Debug|ARM.ActiveCfg = Debug|Any CPU
		{7517D9E9-7929-422A-9177-59FD86E1B00F}.Debug|x64.ActiveCfg = Debug|Any CPU
		{7517D9E9-7929-422A-9177-59FD86E1B00F}.Debug|x86.ActiveCfg = Debug|Any CPU
		{7517D9E9-7929-422A-9177-59FD86E1B00F}.Release|Any CPU.ActiveCfg = Release|Any CPU
		{7517D9E9-7929-422A-9177-59FD86E1B00F}.Release|Any CPU.Build.0 = Release|Any CPU
		{7517D9E9-7929-422A-9177-59FD86E1B00F}.Release|ARM.ActiveCfg = Release|Any CPU
		{7517D9E9-7929-422A-9177-59FD86E1B00F}.Release|x64.ActiveCfg = Release|Any CPU
		{7517D9E9-7929-422A-9177-59FD86E1B00F}.Release|x86.ActiveCfg = Release|Any CPU
		{150CF2E8-3F18-4553-A0D5-A974CB58F570}.Debug|Any CPU.ActiveCfg = Debug|Any CPU
		{150CF2E8-3F18-4553-A0D5-A974CB58F570}.Debug|Any CPU.Build.0 = Debug|Any CPU
		{150CF2E8-3F18-4553-A0D5-A974CB58F570}.Debug|ARM.ActiveCfg = Debug|Any CPU
		{150CF2E8-3F18-4553-A0D5-A974CB58F570}.Debug|x64.ActiveCfg = Debug|Any CPU
		{150CF2E8-3F18-4553-A0D5-A974CB58F570}.Debug|x86.ActiveCfg = Debug|Any CPU
		{150CF2E8-3F18-4553-A0D5-A974CB58F570}.Release|Any CPU.ActiveCfg = Release|Any CPU
		{150CF2E8-3F18-4553-A0D5-A974CB58F570}.Release|Any CPU.Build.0 = Release|Any CPU
		{150CF2E8-3F18-4553-A0D5-A974CB58F570}.Release|ARM.ActiveCfg = Release|Any CPU
		{150CF2E8-3F18-4553-A0D5-A974CB58F570}.Release|x64.ActiveCfg = Release|Any CPU
		{150CF2E8-3F18-4553-A0D5-A974CB58F570}.Release|x86.ActiveCfg = Release|Any CPU
		{83CB8852-880D-4334-845A-6CFCBCE86071}.Debug|Any CPU.ActiveCfg = Debug|Any CPU
		{83CB8852-880D-4334-845A-6CFCBCE86071}.Debug|Any CPU.Build.0 = Debug|Any CPU
		{83CB8852-880D-4334-845A-6CFCBCE86071}.Debug|ARM.ActiveCfg = Debug|Any CPU
		{83CB8852-880D-4334-845A-6CFCBCE86071}.Debug|ARM.Build.0 = Debug|Any CPU
		{83CB8852-880D-4334-845A-6CFCBCE86071}.Debug|x64.ActiveCfg = Debug|Any CPU
		{83CB8852-880D-4334-845A-6CFCBCE86071}.Debug|x64.Build.0 = Debug|Any CPU
		{83CB8852-880D-4334-845A-6CFCBCE86071}.Debug|x86.ActiveCfg = Debug|Any CPU
		{83CB8852-880D-4334-845A-6CFCBCE86071}.Debug|x86.Build.0 = Debug|Any CPU
		{83CB8852-880D-4334-845A-6CFCBCE86071}.Release|Any CPU.ActiveCfg = Release|Any CPU
		{83CB8852-880D-4334-845A-6CFCBCE86071}.Release|Any CPU.Build.0 = Release|Any CPU
		{83CB8852-880D-4334-845A-6CFCBCE86071}.Release|ARM.ActiveCfg = Release|Any CPU
		{83CB8852-880D-4334-845A-6CFCBCE86071}.Release|ARM.Build.0 = Release|Any CPU
		{83CB8852-880D-4334-845A-6CFCBCE86071}.Release|x64.ActiveCfg = Release|Any CPU
		{83CB8852-880D-4334-845A-6CFCBCE86071}.Release|x64.Build.0 = Release|Any CPU
		{83CB8852-880D-4334-845A-6CFCBCE86071}.Release|x86.ActiveCfg = Release|Any CPU
		{83CB8852-880D-4334-845A-6CFCBCE86071}.Release|x86.Build.0 = Release|Any CPU
		{79C7D215-C5CB-45F6-B100-770D26A8CCC5}.Debug|Any CPU.ActiveCfg = Debug|x86
		{79C7D215-C5CB-45F6-B100-770D26A8CCC5}.Debug|ARM.ActiveCfg = Debug|ARM
		{79C7D215-C5CB-45F6-B100-770D26A8CCC5}.Debug|ARM.Build.0 = Debug|ARM
		{79C7D215-C5CB-45F6-B100-770D26A8CCC5}.Debug|ARM.Deploy.0 = Debug|ARM
		{79C7D215-C5CB-45F6-B100-770D26A8CCC5}.Debug|x64.ActiveCfg = Debug|x64
		{79C7D215-C5CB-45F6-B100-770D26A8CCC5}.Debug|x64.Build.0 = Debug|x64
		{79C7D215-C5CB-45F6-B100-770D26A8CCC5}.Debug|x64.Deploy.0 = Debug|x64
		{79C7D215-C5CB-45F6-B100-770D26A8CCC5}.Debug|x86.ActiveCfg = Debug|x86
		{79C7D215-C5CB-45F6-B100-770D26A8CCC5}.Debug|x86.Build.0 = Debug|x86
		{79C7D215-C5CB-45F6-B100-770D26A8CCC5}.Debug|x86.Deploy.0 = Debug|x86
		{79C7D215-C5CB-45F6-B100-770D26A8CCC5}.Release|Any CPU.ActiveCfg = Release|x86
		{79C7D215-C5CB-45F6-B100-770D26A8CCC5}.Release|ARM.ActiveCfg = Release|ARM
		{79C7D215-C5CB-45F6-B100-770D26A8CCC5}.Release|ARM.Build.0 = Release|ARM
		{79C7D215-C5CB-45F6-B100-770D26A8CCC5}.Release|ARM.Deploy.0 = Release|ARM
		{79C7D215-C5CB-45F6-B100-770D26A8CCC5}.Release|x64.ActiveCfg = Release|x64
		{79C7D215-C5CB-45F6-B100-770D26A8CCC5}.Release|x64.Build.0 = Release|x64
		{79C7D215-C5CB-45F6-B100-770D26A8CCC5}.Release|x64.Deploy.0 = Release|x64
		{79C7D215-C5CB-45F6-B100-770D26A8CCC5}.Release|x86.ActiveCfg = Release|x86
		{79C7D215-C5CB-45F6-B100-770D26A8CCC5}.Release|x86.Build.0 = Release|x86
		{79C7D215-C5CB-45F6-B100-770D26A8CCC5}.Release|x86.Deploy.0 = Release|x86
		{3C72AAF5-9E31-409E-BCE7-C8EB45240B50}.Debug|Any CPU.ActiveCfg = Debug|x86
		{3C72AAF5-9E31-409E-BCE7-C8EB45240B50}.Debug|ARM.ActiveCfg = Debug|ARM
		{3C72AAF5-9E31-409E-BCE7-C8EB45240B50}.Debug|ARM.Build.0 = Debug|ARM
		{3C72AAF5-9E31-409E-BCE7-C8EB45240B50}.Debug|ARM.Deploy.0 = Debug|ARM
		{3C72AAF5-9E31-409E-BCE7-C8EB45240B50}.Debug|x64.ActiveCfg = Debug|x64
		{3C72AAF5-9E31-409E-BCE7-C8EB45240B50}.Debug|x64.Build.0 = Debug|x64
		{3C72AAF5-9E31-409E-BCE7-C8EB45240B50}.Debug|x64.Deploy.0 = Debug|x64
		{3C72AAF5-9E31-409E-BCE7-C8EB45240B50}.Debug|x86.ActiveCfg = Debug|x86
		{3C72AAF5-9E31-409E-BCE7-C8EB45240B50}.Debug|x86.Build.0 = Debug|x86
		{3C72AAF5-9E31-409E-BCE7-C8EB45240B50}.Debug|x86.Deploy.0 = Debug|x86
		{3C72AAF5-9E31-409E-BCE7-C8EB45240B50}.Release|Any CPU.ActiveCfg = Release|x86
		{3C72AAF5-9E31-409E-BCE7-C8EB45240B50}.Release|ARM.ActiveCfg = Release|ARM
		{3C72AAF5-9E31-409E-BCE7-C8EB45240B50}.Release|ARM.Build.0 = Release|ARM
		{3C72AAF5-9E31-409E-BCE7-C8EB45240B50}.Release|ARM.Deploy.0 = Release|ARM
		{3C72AAF5-9E31-409E-BCE7-C8EB45240B50}.Release|x64.ActiveCfg = Release|x64
		{3C72AAF5-9E31-409E-BCE7-C8EB45240B50}.Release|x64.Build.0 = Release|x64
		{3C72AAF5-9E31-409E-BCE7-C8EB45240B50}.Release|x64.Deploy.0 = Release|x64
		{3C72AAF5-9E31-409E-BCE7-C8EB45240B50}.Release|x86.ActiveCfg = Release|x86
		{3C72AAF5-9E31-409E-BCE7-C8EB45240B50}.Release|x86.Build.0 = Release|x86
		{3C72AAF5-9E31-409E-BCE7-C8EB45240B50}.Release|x86.Deploy.0 = Release|x86
		{474AC080-D5D8-4548-AAE6-D649EC0EA49E}.Debug|Any CPU.ActiveCfg = Debug|Any CPU
		{474AC080-D5D8-4548-AAE6-D649EC0EA49E}.Debug|Any CPU.Build.0 = Debug|Any CPU
		{474AC080-D5D8-4548-AAE6-D649EC0EA49E}.Debug|ARM.ActiveCfg = Debug|Any CPU
		{474AC080-D5D8-4548-AAE6-D649EC0EA49E}.Debug|x64.ActiveCfg = Debug|Any CPU
		{474AC080-D5D8-4548-AAE6-D649EC0EA49E}.Debug|x86.ActiveCfg = Debug|Any CPU
		{474AC080-D5D8-4548-AAE6-D649EC0EA49E}.Release|Any CPU.ActiveCfg = Release|Any CPU
		{474AC080-D5D8-4548-AAE6-D649EC0EA49E}.Release|Any CPU.Build.0 = Release|Any CPU
		{474AC080-D5D8-4548-AAE6-D649EC0EA49E}.Release|ARM.ActiveCfg = Release|Any CPU
		{474AC080-D5D8-4548-AAE6-D649EC0EA49E}.Release|x64.ActiveCfg = Release|Any CPU
		{474AC080-D5D8-4548-AAE6-D649EC0EA49E}.Release|x86.ActiveCfg = Release|Any CPU
	EndGlobalSection
	GlobalSection(SolutionProperties) = preSolution
		HideSolutionNode = FALSE
	EndGlobalSection
	GlobalSection(NestedProjects) = preSolution
		{B8A3BEE1-22A5-41B0-8C9A-7EDFFA0C1DBC} = {37BFCCA7-0B83-4B34-B4EA-896F6757F785}
		{61F9A687-E395-4216-B50A-6F5068721390} = {37BFCCA7-0B83-4B34-B4EA-896F6757F785}
		{7517D9E9-7929-422A-9177-59FD86E1B00F} = {37BFCCA7-0B83-4B34-B4EA-896F6757F785}
		{150CF2E8-3F18-4553-A0D5-A974CB58F570} = {37BFCCA7-0B83-4B34-B4EA-896F6757F785}
		{79C7D215-C5CB-45F6-B100-770D26A8CCC5} = {37BFCCA7-0B83-4B34-B4EA-896F6757F785}
		{3C72AAF5-9E31-409E-BCE7-C8EB45240B50} = {37BFCCA7-0B83-4B34-B4EA-896F6757F785}
		{474AC080-D5D8-4548-AAE6-D649EC0EA49E} = {37BFCCA7-0B83-4B34-B4EA-896F6757F785}
	EndGlobalSection
	GlobalSection(ExtensibilityGlobals) = postSolution
		SolutionGuid = {5EEC7833-CC1D-46B1-B8C9-D951B8305125}
	EndGlobalSection
EndGlobal
